
Microsoft Visual Studio Solution File, Format Version 12.00
# Visual Studio Version 17
VisualStudioVersion = 17.13.35931.197 d17.13
MinimumVisualStudioVersion = 10.0.40219.1
Project("{FAE04EC0-301F-11D3-BF4B-00C04F79EFBC}") = "uzenetprojektWCF", "uzenetprojektWCF\uzenetprojektWCF.csproj", "{9A69632E-FE61-411F-B78C-8B0824B35361}"
EndProject
Global
	GlobalSection(SolutionConfigurationPlatforms) = preSolution
		Debug|Any CPU = Debug|Any CPU
		Release|Any CPU = Release|Any CPU
	EndGlobalSection
	GlobalSection(ProjectConfigurationPlatforms) = postSolution
		{9A69632E-FE61-411F-B78C-8B0824B35361}.Debug|Any CPU.ActiveCfg = Debug|Any CPU
		{9A69632E-FE61-411F-B78C-8B0824B35361}.Debug|Any CPU.Build.0 = Debug|Any CPU
		{9A69632E-FE61-411F-B78C-8B0824B35361}.Release|Any CPU.ActiveCfg = Release|Any CPU
		{9A69632E-FE61-411F-B78C-8B0824B35361}.Release|Any CPU.Build.0 = Release|Any CPU
	EndGlobalSection
	GlobalSection(SolutionProperties) = preSolution
		HideSolutionNode = FALSE
	EndGlobalSection
	GlobalSection(ExtensibilityGlobals) = postSolution
		SolutionGuid = {60015D27-D59C-4F3B-B743-726DC0133D7C}
	EndGlobalSection
EndGlobal
